// !$*UTF8*$!
{
	archiveVersion = 1;
	classes = {
	};
	objectVersion = 55;
	objects = {

/* Begin PBXBuildFile section */
		819FCF9C2764169B0074D594 /* SwiftUiCheatSheetAppApp.swift in Sources */ = {isa = PBXBuildFile; fileRef = 819FCF9B2764169B0074D594 /* SwiftUiCheatSheetAppApp.swift */; };
		819FCF9E2764169B0074D594 /* SectionsView.swift in Sources */ = {isa = PBXBuildFile; fileRef = 819FCF9D2764169B0074D594 /* SectionsView.swift */; };
		819FCFA02764169D0074D594 /* Assets.xcassets in Resources */ = {isa = PBXBuildFile; fileRef = 819FCF9F2764169D0074D594 /* Assets.xcassets */; };
		819FCFA32764169D0074D594 /* Preview Assets.xcassets in Resources */ = {isa = PBXBuildFile; fileRef = 819FCFA22764169D0074D594 /* Preview Assets.xcassets */; };
		819FCFAE2764182E0074D594 /* sections.json in Resources */ = {isa = PBXBuildFile; fileRef = 819FCFAD2764182E0074D594 /* sections.json */; };
		819FCFB127641B780074D594 /* CodableBundleExtension.swift in Sources */ = {isa = PBXBuildFile; fileRef = 819FCFB027641B780074D594 /* CodableBundleExtension.swift */; };
		819FCFB327641BD40074D594 /* SectionModel.swift in Sources */ = {isa = PBXBuildFile; fileRef = 819FCFB227641BD40074D594 /* SectionModel.swift */; };
		819FCFB5276423070074D594 /* SectionDetailView.swift in Sources */ = {isa = PBXBuildFile; fileRef = 819FCFB4276423070074D594 /* SectionDetailView.swift */; };
		819FCFB72764237C0074D594 /* SectionListItemView.swift in Sources */ = {isa = PBXBuildFile; fileRef = 819FCFB62764237C0074D594 /* SectionListItemView.swift */; };
		819FCFBB276428D50074D594 /* SectionsViewModel.swift in Sources */ = {isa = PBXBuildFile; fileRef = 819FCFBA276428D50074D594 /* SectionsViewModel.swift */; };
		819FCFC127646E3A0074D594 /* xcod.json in Resources */ = {isa = PBXBuildFile; fileRef = 819FCFC027646E3A0074D594 /* xcod.json */; };
		819FCFC32764887B0074D594 /* view.json in Resources */ = {isa = PBXBuildFile; fileRef = 819FCFC22764887B0074D594 /* view.json */; };
		819FCFC527648A9C0074D594 /* animation.json in Resources */ = {isa = PBXBuildFile; fileRef = 819FCFC427648A9C0074D594 /* animation.json */; };
/* End PBXBuildFile section */

/* Begin PBXFileReference section */
		819FCF982764169B0074D594 /* SwiftUiCheatSheetApp.app */ = {isa = PBXFileReference; explicitFileType = wrapper.application; includeInIndex = 0; path = SwiftUiCheatSheetApp.app; sourceTree = BUILT_PRODUCTS_DIR; };
		819FCF9B2764169B0074D594 /* SwiftUiCheatSheetAppApp.swift */ = {isa = PBXFileReference; lastKnownFileType = sourcecode.swift; path = SwiftUiCheatSheetAppApp.swift; sourceTree = "<group>"; };
		819FCF9D2764169B0074D594 /* SectionsView.swift */ = {isa = PBXFileReference; lastKnownFileType = sourcecode.swift; path = SectionsView.swift; sourceTree = "<group>"; };
		819FCF9F2764169D0074D594 /* Assets.xcassets */ = {isa = PBXFileReference; lastKnownFileType = folder.assetcatalog; path = Assets.xcassets; sourceTree = "<group>"; };
		819FCFA22764169D0074D594 /* Preview Assets.xcassets */ = {isa = PBXFileReference; lastKnownFileType = folder.assetcatalog; path = "Preview Assets.xcassets"; sourceTree = "<group>"; };
		819FCFAD2764182E0074D594 /* sections.json */ = {isa = PBXFileReference; lastKnownFileType = text.json; path = sections.json; sourceTree = "<group>"; };
		819FCFB027641B780074D594 /* CodableBundleExtension.swift */ = {isa = PBXFileReference; lastKnownFileType = sourcecode.swift; path = CodableBundleExtension.swift; sourceTree = "<group>"; };
		819FCFB227641BD40074D594 /* SectionModel.swift */ = {isa = PBXFileReference; lastKnownFileType = sourcecode.swift; path = SectionModel.swift; sourceTree = "<group>"; };
		819FCFB4276423070074D594 /* SectionDetailView.swift */ = {isa = PBXFileReference; lastKnownFileType = sourcecode.swift; path = SectionDetailView.swift; sourceTree = "<group>"; };
		819FCFB62764237C0074D594 /* SectionListItemView.swift */ = {isa = PBXFileReference; lastKnownFileType = sourcecode.swift; path = SectionListItemView.swift; sourceTree = "<group>"; };
		819FCFBA276428D50074D594 /* SectionsViewModel.swift */ = {isa = PBXFileReference; lastKnownFileType = sourcecode.swift; path = SectionsViewModel.swift; sourceTree = "<group>"; };
		819FCFC027646E3A0074D594 /* xcod.json */ = {isa = PBXFileReference; lastKnownFileType = text.json; path = xcod.json; sourceTree = "<group>"; };
		819FCFC22764887B0074D594 /* view.json */ = {isa = PBXFileReference; lastKnownFileType = text.json; path = view.json; sourceTree = "<group>"; };
		819FCFC427648A9C0074D594 /* animation.json */ = {isa = PBXFileReference; lastKnownFileType = text.json; path = animation.json; sourceTree = "<group>"; };
/* End PBXFileReference section */

/* Begin PBXFrameworksBuildPhase section */
		819FCF952764169B0074D594 /* Frameworks */ = {
			isa = PBXFrameworksBuildPhase;
			buildActionMask = 2147483647;
			files = (
			);
			runOnlyForDeploymentPostprocessing = 0;
		};
/* End PBXFrameworksBuildPhase section */

/* Begin PBXGroup section */
		819FCF8F2764169B0074D594 = {
			isa = PBXGroup;
			children = (
				819FCF9A2764169B0074D594 /* SwiftUiCheatSheetApp */,
				819FCF992764169B0074D594 /* Products */,
			);
			sourceTree = "<group>";
		};
		819FCF992764169B0074D594 /* Products */ = {
			isa = PBXGroup;
			children = (
				819FCF982764169B0074D594 /* SwiftUiCheatSheetApp.app */,
			);
			name = Products;
			sourceTree = "<group>";
		};
		819FCF9A2764169B0074D594 /* SwiftUiCheatSheetApp */ = {
			isa = PBXGroup;
			children = (
				819FCF9B2764169B0074D594 /* SwiftUiCheatSheetAppApp.swift */,
				819FCFA9276416AE0074D594 /* View */,
				819FCFAB276416BD0074D594 /* ViewModel */,
				819FCFAA276416B40074D594 /* Model */,
				819FCFAF27641B660074D594 /* Extension */,
				819FCFAC2764176E0074D594 /* Data */,
				819FCF9F2764169D0074D594 /* Assets.xcassets */,
				819FCFA12764169D0074D594 /* Preview Content */,
			);
			path = SwiftUiCheatSheetApp;
			sourceTree = "<group>";
		};
		819FCFA12764169D0074D594 /* Preview Content */ = {
			isa = PBXGroup;
			children = (
				819FCFA22764169D0074D594 /* Preview Assets.xcassets */,
			);
			path = "Preview Content";
			sourceTree = "<group>";
		};
		819FCFA9276416AE0074D594 /* View */ = {
			isa = PBXGroup;
			children = (
				819FCF9D2764169B0074D594 /* SectionsView.swift */,
				819FCFB4276423070074D594 /* SectionDetailView.swift */,
				819FCFB62764237C0074D594 /* SectionListItemView.swift */,
			);
			path = View;
			sourceTree = "<group>";
		};
		819FCFAA276416B40074D594 /* Model */ = {
			isa = PBXGroup;
			children = (
				819FCFB227641BD40074D594 /* SectionModel.swift */,
			);
			path = Model;
			sourceTree = "<group>";
		};
		819FCFAB276416BD0074D594 /* ViewModel */ = {
			isa = PBXGroup;
			children = (
				819FCFBA276428D50074D594 /* SectionsViewModel.swift */,
			);
			path = ViewModel;
			sourceTree = "<group>";
		};
		819FCFAC2764176E0074D594 /* Data */ = {
			isa = PBXGroup;
			children = (
				819FCFAD2764182E0074D594 /* sections.json */,
				819FCFC027646E3A0074D594 /* xcod.json */,
				819FCFC22764887B0074D594 /* view.json */,
				819FCFC427648A9C0074D594 /* animation.json */,
			);
			path = Data;
			sourceTree = "<group>";
		};
		819FCFAF27641B660074D594 /* Extension */ = {
			isa = PBXGroup;
			children = (
				819FCFB027641B780074D594 /* CodableBundleExtension.swift */,
			);
			path = Extension;
			sourceTree = "<group>";
		};
/* End PBXGroup section */

/* Begin PBXNativeTarget section */
		819FCF972764169B0074D594 /* SwiftUiCheatSheetApp */ = {
			isa = PBXNativeTarget;
			buildConfigurationList = 819FCFA62764169D0074D594 /* Build configuration list for PBXNativeTarget "SwiftUiCheatSheetApp" */;
			buildPhases = (
				819FCF942764169B0074D594 /* Sources */,
				819FCF952764169B0074D594 /* Frameworks */,
				819FCF962764169B0074D594 /* Resources */,
			);
			buildRules = (
			);
			dependencies = (
			);
			name = SwiftUiCheatSheetApp;
			productName = SwiftUiCheatSheetApp;
			productReference = 819FCF982764169B0074D594 /* SwiftUiCheatSheetApp.app */;
			productType = "com.apple.product-type.application";
		};
/* End PBXNativeTarget section */

/* Begin PBXProject section */
		819FCF902764169B0074D594 /* Project object */ = {
			isa = PBXProject;
			attributes = {
				BuildIndependentTargetsInParallel = 1;
				LastSwiftUpdateCheck = 1310;
				LastUpgradeCheck = 1310;
				TargetAttributes = {
					819FCF972764169B0074D594 = {
						CreatedOnToolsVersion = 13.1;
					};
				};
			};
			buildConfigurationList = 819FCF932764169B0074D594 /* Build configuration list for PBXProject "SwiftUiCheatSheetApp" */;
			compatibilityVersion = "Xcode 13.0";
			developmentRegion = en;
			hasScannedForEncodings = 0;
			knownRegions = (
				en,
				Base,
			);
			mainGroup = 819FCF8F2764169B0074D594;
			productRefGroup = 819FCF992764169B0074D594 /* Products */;
			projectDirPath = "";
			projectRoot = "";
			targets = (
				819FCF972764169B0074D594 /* SwiftUiCheatSheetApp */,
			);
		};
/* End PBXProject section */

/* Begin PBXResourcesBuildPhase section */
		819FCF962764169B0074D594 /* Resources */ = {
			isa = PBXResourcesBuildPhase;
			buildActionMask = 2147483647;
			files = (
				819FCFA32764169D0074D594 /* Preview Assets.xcassets in Resources */,
				819FCFC32764887B0074D594 /* view.json in Resources */,
				819FCFAE2764182E0074D594 /* sections.json in Resources */,
				819FCFA02764169D0074D594 /* Assets.xcassets in Resources */,
				819FCFC527648A9C0074D594 /* animation.json in Resources */,
				819FCFC127646E3A0074D594 /* xcod.json in Resources */,
			);
			runOnlyForDeploymentPostprocessing = 0;
		};
/* End PBXResourcesBuildPhase section */

/* Begin PBXSourcesBuildPhase section */
		819FCF942764169B0074D594 /* Sources */ = {
			isa = PBXSourcesBuildPhase;
			buildActionMask = 2147483647;
			files = (
				819FCF9E2764169B0074D594 /* SectionsView.swift in Sources */,
				819FCF9C2764169B0074D594 /* SwiftUiCheatSheetAppApp.swift in Sources */,
				819FCFB5276423070074D594 /* SectionDetailView.swift in Sources */,
				819FCFB127641B780074D594 /* CodableBundleExtension.swift in Sources */,
				819FCFB327641BD40074D594 /* SectionModel.swift in Sources */,
				819FCFBB276428D50074D594 /* SectionsViewModel.swift in Sources */,
				819FCFB72764237C0074D594 /* SectionListItemView.swift in Sources */,
			);
			runOnlyForDeploymentPostprocessing = 0;
		};
/* End PBXSourcesBuildPhase section */

/* Begin XCBuildConfiguration section */
		819FCFA42764169D0074D594 /* Debug */ = {
			isa = XCBuildConfiguration;
			buildSettings = {
				ALWAYS_SEARCH_USER_PATHS = NO;
				CLANG_ANALYZER_NONNULL = YES;
				CLANG_ANALYZER_NUMBER_OBJECT_CONVERSION = YES_AGGRESSIVE;
				CLANG_CXX_LANGUAGE_STANDARD = "gnu++17";
				CLANG_CXX_LIBRARY = "libc++";
				CLANG_ENABLE_MODULES = YES;
				CLANG_ENABLE_OBJC_ARC = YES;
				CLANG_ENABLE_OBJC_WEAK = YES;
				CLANG_WARN_BLOCK_CAPTURE_AUTORELEASING = YES;
				CLANG_WARN_BOOL_CONVERSION = YES;
				CLANG_WARN_COMMA = YES;
				CLANG_WARN_CONSTANT_CONVERSION = YES;
				CLANG_WARN_DEPRECATED_OBJC_IMPLEMENTATIONS = YES;
				CLANG_WARN_DIRECT_OBJC_ISA_USAGE = YES_ERROR;
				CLANG_WARN_DOCUMENTATION_COMMENTS = YES;
				CLANG_WARN_EMPTY_BODY = YES;
				CLANG_WARN_ENUM_CONVERSION = YES;
				CLANG_WARN_INFINITE_RECURSION = YES;
				CLANG_WARN_INT_CONVERSION = YES;
				CLANG_WARN_NON_LITERAL_NULL_CONVERSION = YES;
				CLANG_WARN_OBJC_IMPLICIT_RETAIN_SELF = YES;
				CLANG_WARN_OBJC_LITERAL_CONVERSION = YES;
				CLANG_WARN_OBJC_ROOT_CLASS = YES_ERROR;
				CLANG_WARN_QUOTED_INCLUDE_IN_FRAMEWORK_HEADER = YES;
				CLANG_WARN_RANGE_LOOP_ANALYSIS = YES;
				CLANG_WARN_STRICT_PROTOTYPES = YES;
				CLANG_WARN_SUSPICIOUS_MOVE = YES;
				CLANG_WARN_UNGUARDED_AVAILABILITY = YES_AGGRESSIVE;
				CLANG_WARN_UNREACHABLE_CODE = YES;
				CLANG_WARN__DUPLICATE_METHOD_MATCH = YES;
				COPY_PHASE_STRIP = NO;
				DEBUG_INFORMATION_FORMAT = dwarf;
				ENABLE_STRICT_OBJC_MSGSEND = YES;
				ENABLE_TESTABILITY = YES;
				GCC_C_LANGUAGE_STANDARD = gnu11;
				GCC_DYNAMIC_NO_PIC = NO;
				GCC_NO_COMMON_BLOCKS = YES;
				GCC_OPTIMIZATION_LEVEL = 0;
				GCC_PREPROCESSOR_DEFINITIONS = (
					"DEBUG=1",
					"$(inherited)",
				);
				GCC_WARN_64_TO_32_BIT_CONVERSION = YES;
				GCC_WARN_ABOUT_RETURN_TYPE = YES_ERROR;
				GCC_WARN_UNDECLARED_SELECTOR = YES;
				GCC_WARN_UNINITIALIZED_AUTOS = YES_AGGRESSIVE;
				GCC_WARN_UNUSED_FUNCTION = YES;
				GCC_WARN_UNUSED_VARIABLE = YES;
				IPHONEOS_DEPLOYMENT_TARGET = 15.0;
				MTL_ENABLE_DEBUG_INFO = INCLUDE_SOURCE;
				MTL_FAST_MATH = YES;
				ONLY_ACTIVE_ARCH = YES;
				SDKROOT = iphoneos;
				SWIFT_ACTIVE_COMPILATION_CONDITIONS = DEBUG;
				SWIFT_OPTIMIZATION_LEVEL = "-Onone";
			};
			name = Debug;
		};
		819FCFA52764169D0074D594 /* Release */ = {
			isa = XCBuildConfiguration;
			buildSettings = {
				ALWAYS_SEARCH_USER_PATHS = NO;
				CLANG_ANALYZER_NONNULL = YES;
				CLANG_ANALYZER_NUMBER_OBJECT_CONVERSION = YES_AGGRESSIVE;
				CLANG_CXX_LANGUAGE_STANDARD = "gnu++17";
				CLANG_CXX_LIBRARY = "libc++";
				CLANG_ENABLE_MODULES = YES;
				CLANG_ENABLE_OBJC_ARC = YES;
				CLANG_ENABLE_OBJC_WEAK = YES;
				CLANG_WARN_BLOCK_CAPTURE_AUTORELEASING = YES;
				CLANG_WARN_BOOL_CONVERSION = YES;
				CLANG_WARN_COMMA = YES;
				CLANG_WARN_CONSTANT_CONVERSION = YES;
				CLANG_WARN_DEPRECATED_OBJC_IMPLEMENTATIONS = YES;
				CLANG_WARN_DIRECT_OBJC_ISA_USAGE = YES_ERROR;
				CLANG_WARN_DOCUMENTATION_COMMENTS = YES;
				CLANG_WARN_EMPTY_BODY = YES;
				CLANG_WARN_ENUM_CONVERSION = YES;
				CLANG_WARN_INFINITE_RECURSION = YES;
				CLANG_WARN_INT_CONVERSION = YES;
				CLANG_WARN_NON_LITERAL_NULL_CONVERSION = YES;
				CLANG_WARN_OBJC_IMPLICIT_RETAIN_SELF = YES;
				CLANG_WARN_OBJC_LITERAL_CONVERSION = YES;
				CLANG_WARN_OBJC_ROOT_CLASS = YES_ERROR;
				CLANG_WARN_QUOTED_INCLUDE_IN_FRAMEWORK_HEADER = YES;
				CLANG_WARN_RANGE_LOOP_ANALYSIS = YES;
				CLANG_WARN_STRICT_PROTOTYPES = YES;
				CLANG_WARN_SUSPICIOUS_MOVE = YES;
				CLANG_WARN_UNGUARDED_AVAILABILITY = YES_AGGRESSIVE;
				CLANG_WARN_UNREACHABLE_CODE = YES;
				CLANG_WARN__DUPLICATE_METHOD_MATCH = YES;
				COPY_PHASE_STRIP = NO;
				DEBUG_INFORMATION_FORMAT = "dwarf-with-dsym";
				ENABLE_NS_ASSERTIONS = NO;
				ENABLE_STRICT_OBJC_MSGSEND = YES;
				GCC_C_LANGUAGE_STANDARD = gnu11;
				GCC_NO_COMMON_BLOCKS = YES;
				GCC_WARN_64_TO_32_BIT_CONVERSION = YES;
				GCC_WARN_ABOUT_RETURN_TYPE = YES_ERROR;
				GCC_WARN_UNDECLARED_SELECTOR = YES;
				GCC_WARN_UNINITIALIZED_AUTOS = YES_AGGRESSIVE;
				GCC_WARN_UNUSED_FUNCTION = YES;
				GCC_WARN_UNUSED_VARIABLE = YES;
				IPHONEOS_DEPLOYMENT_TARGET = 15.0;
				MTL_ENABLE_DEBUG_INFO = NO;
				MTL_FAST_MATH = YES;
				SDKROOT = iphoneos;
				SWIFT_COMPILATION_MODE = wholemodule;
				SWIFT_OPTIMIZATION_LEVEL = "-O";
				VALIDATE_PRODUCT = YES;
			};
			name = Release;
		};
		819FCFA72764169D0074D594 /* Debug */ = {
			isa = XCBuildConfiguration;
			buildSettings = {
				ASSETCATALOG_COMPILER_APPICON_NAME = AppIcon;
				ASSETCATALOG_COMPILER_GLOBAL_ACCENT_COLOR_NAME = AccentColor;
				CODE_SIGN_STYLE = Automatic;
				CURRENT_PROJECT_VERSION = 1;
				DEVELOPMENT_ASSET_PATHS = "\"SwiftUiCheatSheetApp/Preview Content\"";
				DEVELOPMENT_TEAM = U98ALN3QRJ;
				ENABLE_PREVIEWS = YES;
				GENERATE_INFOPLIST_FILE = YES;
				INFOPLIST_KEY_UIApplicationSceneManifest_Generation = YES;
				INFOPLIST_KEY_UIApplicationSupportsIndirectInputEvents = YES;
				INFOPLIST_KEY_UILaunchScreen_Generation = YES;
				INFOPLIST_KEY_UISupportedInterfaceOrientations_iPad = "UIInterfaceOrientationPortrait UIInterfaceOrientationPortraitUpsideDown UIInterfaceOrientationLandscapeLeft UIInterfaceOrientationLandscapeRight";
				INFOPLIST_KEY_UISupportedInterfaceOrientations_iPhone = "UIInterfaceOrientationPortrait UIInterfaceOrientationLandscapeLeft UIInterfaceOrientationLandscapeRight";
				LD_RUNPATH_SEARCH_PATHS = (
					"$(inherited)",
					"@executable_path/Frameworks",
				);
				MARKETING_VERSION = 1.0;
				PRODUCT_BUNDLE_IDENTIFIER = ru.adelbergis.SwiftUiCheatSheetApp;
				PRODUCT_NAME = "$(TARGET_NAME)";
				SWIFT_EMIT_LOC_STRINGS = YES;
				SWIFT_VERSION = 5.0;
				TARGETED_DEVICE_FAMILY = "1,2";
			};
			name = Debug;
		};
		819FCFA82764169D0074D594 /* Release */ = {
			isa = XCBuildConfiguration;
			buildSettings = {
				ASSETCATALOG_COMPILER_APPICON_NAME = AppIcon;
				ASSETCATALOG_COMPILER_GLOBAL_ACCENT_COLOR_NAME = AccentColor;
				CODE_SIGN_STYLE = Automatic;
				CURRENT_PROJECT_VERSION = 1;
				DEVELOPMENT_ASSET_PATHS = "\"SwiftUiCheatSheetApp/Preview Content\"";
				DEVELOPMENT_TEAM = U98ALN3QRJ;
				ENABLE_PREVIEWS = YES;
				GENERATE_INFOPLIST_FILE = YES;
				INFOPLIST_KEY_UIApplicationSceneManifest_Generation = YES;
				INFOPLIST_KEY_UIApplicationSupportsIndirectInputEvents = YES;
				INFOPLIST_KEY_UILaunchScreen_Generation = YES;
				INFOPLIST_KEY_UISupportedInterfaceOrientations_iPad = "UIInterfaceOrientationPortrait UIInterfaceOrientationPortraitUpsideDown UIInterfaceOrientationLandscapeLeft UIInterfaceOrientationLandscapeRight";
				INFOPLIST_KEY_UISupportedInterfaceOrientations_iPhone = "UIInterfaceOrientationPortrait UIInterfaceOrientationLandscapeLeft UIInterfaceOrientationLandscapeRight";
				LD_RUNPATH_SEARCH_PATHS = (
					"$(inherited)",
					"@executable_path/Frameworks",
				);
				MARKETING_VERSION = 1.0;
				PRODUCT_BUNDLE_IDENTIFIER = ru.adelbergis.SwiftUiCheatSheetApp;
				PRODUCT_NAME = "$(TARGET_NAME)";
				SWIFT_EMIT_LOC_STRINGS = YES;
				SWIFT_VERSION = 5.0;
				TARGETED_DEVICE_FAMILY = "1,2";
			};
			name = Release;
		};
/* End XCBuildConfiguration section */

/* Begin XCConfigurationList section */
		819FCF932764169B0074D594 /* Build configuration list for PBXProject "SwiftUiCheatSheetApp" */ = {
			isa = XCConfigurationList;
			buildConfigurations = (
				819FCFA42764169D0074D594 /* Debug */,
				819FCFA52764169D0074D594 /* Release */,
			);
			defaultConfigurationIsVisible = 0;
			defaultConfigurationName = Release;
		};
		819FCFA62764169D0074D594 /* Build configuration list for PBXNativeTarget "SwiftUiCheatSheetApp" */ = {
			isa = XCConfigurationList;
			buildConfigurations = (
				819FCFA72764169D0074D594 /* Debug */,
				819FCFA82764169D0074D594 /* Release */,
			);
			defaultConfigurationIsVisible = 0;
			defaultConfigurationName = Release;
		};
/* End XCConfigurationList section */
	};
	rootObject = 819FCF902764169B0074D594 /* Project object */;
}
